
Microsoft Visual Studio Solution File, Format Version 12.00
# Visual Studio 15
VisualStudioVersion = 15.0.27004.2005
MinimumVisualStudioVersion = 10.0.40219.1
Project("{FAE04EC0-301F-11D3-BF4B-00C04F79EFBC}") = "CircuitBreaker", "src\CircuitBreaker.csproj", "{61274D6F-84EF-4011-858C-CD7C1C287A48}"
EndProject
Project("{FAE04EC0-301F-11D3-BF4B-00C04F79EFBC}") = "CircuitBreakerTests", "..\CircuitBreakerTests\CircuitBreakerTests\CircuitBreakerTests.csproj", "{50136069-73EC-4898-B1C1-638BE8FF3A07}"
EndProject
Global
	GlobalSection(SolutionConfigurationPlatforms) = preSolution
		Debug|Any CPU = Debug|Any CPU
		Release|Any CPU = Release|Any CPU
	EndGlobalSection
	GlobalSection(ProjectConfigurationPlatforms) = postSolution
		{61274D6F-84EF-4011-858C-CD7C1C287A48}.Debug|Any CPU.ActiveCfg = Debug|Any CPU
		{61274D6F-84EF-4011-858C-CD7C1C287A48}.Debug|Any CPU.Build.0 = Debug|Any CPU
		{61274D6F-84EF-4011-858C-CD7C1C287A48}.Release|Any CPU.ActiveCfg = Release|Any CPU
		{61274D6F-84EF-4011-858C-CD7C1C287A48}.Release|Any CPU.Build.0 = Release|Any CPU
		{50136069-73EC-4898-B1C1-638BE8FF3A07}.Debug|Any CPU.ActiveCfg = Debug|Any CPU
		{50136069-73EC-4898-B1C1-638BE8FF3A07}.Debug|Any CPU.Build.0 = Debug|Any CPU
		{50136069-73EC-4898-B1C1-638BE8FF3A07}.Release|Any CPU.ActiveCfg = Release|Any CPU
		{50136069-73EC-4898-B1C1-638BE8FF3A07}.Release|Any CPU.Build.0 = Release|Any CPU
	EndGlobalSection
	GlobalSection(SolutionProperties) = preSolution
		HideSolutionNode = FALSE
	EndGlobalSection
	GlobalSection(ExtensibilityGlobals) = postSolution
		SolutionGuid = {3BA3CFF4-A511-48BA-BDD3-A6740CE8C357}
	EndGlobalSection
EndGlobal
